// !$*UTF8*$!
{
	archiveVersion = 1;
	classes = {
	};
	objectVersion = 46;
	objects = {

/* Begin PBXBuildFile section */
		94D4F5511CEAC7D400CCFB27 /* AppDelegate.swift in Sources */ = {isa = PBXBuildFile; fileRef = 94D4F5501CEAC7D400CCFB27 /* AppDelegate.swift */; };
		94D4F5531CEAC7D400CCFB27 /* ViewController.swift in Sources */ = {isa = PBXBuildFile; fileRef = 94D4F5521CEAC7D400CCFB27 /* ViewController.swift */; };
		94D4F5561CEAC7D400CCFB27 /* Main.storyboard in Resources */ = {isa = PBXBuildFile; fileRef = 94D4F5541CEAC7D400CCFB27 /* Main.storyboard */; };
		94D4F5581CEAC7D400CCFB27 /* Assets.xcassets in Resources */ = {isa = PBXBuildFile; fileRef = 94D4F5571CEAC7D400CCFB27 /* Assets.xcassets */; };
		94D4F55B1CEAC7D400CCFB27 /* LaunchScreen.storyboard in Resources */ = {isa = PBXBuildFile; fileRef = 94D4F5591CEAC7D400CCFB27 /* LaunchScreen.storyboard */; };
/* End PBXBuildFile section */

/* Begin PBXFileReference section */
		94D4F54D1CEAC7D400CCFB27 /* SlideshowApp.app */ = {isa = PBXFileReference; explicitFileType = wrapper.application; includeInIndex = 0; path = SlideshowApp.app; sourceTree = BUILT_PRODUCTS_DIR; };
		94D4F5501CEAC7D400CCFB27 /* AppDelegate.swift */ = {isa = PBXFileReference; lastKnownFileType = sourcecode.swift; path = AppDelegate.swift; sourceTree = "<group>"; };
		94D4F5521CEAC7D400CCFB27 /* ViewController.swift */ = {isa = PBXFileReference; lastKnownFileType = sourcecode.swift; path = ViewController.swift; sourceTree = "<group>"; };
		94D4F5551CEAC7D400CCFB27 /* Base */ = {isa = PBXFileReference; lastKnownFileType = file.storyboard; name = Base; path = Base.lproj/Main.storyboard; sourceTree = "<group>"; };
		94D4F5571CEAC7D400CCFB27 /* Assets.xcassets */ = {isa = PBXFileReference; lastKnownFileType = folder.assetcatalog; path = Assets.xcassets; sourceTree = "<group>"; };
		94D4F55A1CEAC7D400CCFB27 /* Base */ = {isa = PBXFileReference; lastKnownFileType = file.storyboard; name = Base; path = Base.lproj/LaunchScreen.storyboard; sourceTree = "<group>"; };
		94D4F55C1CEAC7D400CCFB27 /* Info.plist */ = {isa = PBXFileReference; lastKnownFileType = text.plist.xml; path = Info.plist; sourceTree = "<group>"; };
/* End PBXFileReference section */

/* Begin PBXFrameworksBuildPhase section */
		94D4F54A1CEAC7D400CCFB27 /* Frameworks */ = {
			isa = PBXFrameworksBuildPhase;
			buildActionMask = 2147483647;
			files = (
			);
			runOnlyForDeploymentPostprocessing = 0;
		};
/* End PBXFrameworksBuildPhase section */

/* Begin PBXGroup section */
		94D4F5441CEAC7D400CCFB27 = {
			isa = PBXGroup;
			children = (
				94D4F54F1CEAC7D400CCFB27 /* SlideshowApp */,
				94D4F54E1CEAC7D400CCFB27 /* Products */,
			);
			sourceTree = "<group>";
		};
		94D4F54E1CEAC7D400CCFB27 /* Products */ = {
			isa = PBXGroup;
			children = (
				94D4F54D1CEAC7D400CCFB27 /* SlideshowApp.app */,
			);
			name = Products;
			sourceTree = "<group>";
		};
		94D4F54F1CEAC7D400CCFB27 /* SlideshowApp */ = {
			isa = PBXGroup;
			children = (
				94D4F5501CEAC7D400CCFB27 /* AppDelegate.swift */,
				94D4F5521CEAC7D400CCFB27 /* ViewController.swift */,
				94D4F5541CEAC7D400CCFB27 /* Main.storyboard */,
				94D4F5571CEAC7D400CCFB27 /* Assets.xcassets */,
				94D4F5591CEAC7D400CCFB27 /* LaunchScreen.storyboard */,
				94D4F55C1CEAC7D400CCFB27 /* Info.plist */,
			);
			path = SlideshowApp;
			sourceTree = "<group>";
		};
/* End PBXGroup section */

/* Begin PBXNativeTarget section */
		94D4F54C1CEAC7D400CCFB27 /* SlideshowApp */ = {
			isa = PBXNativeTarget;
			buildConfigurationList = 94D4F55F1CEAC7D400CCFB27 /* Build configuration list for PBXNativeTarget "SlideshowApp" */;
			buildPhases = (
				94D4F5491CEAC7D400CCFB27 /* Sources */,
				94D4F54A1CEAC7D400CCFB27 /* Frameworks */,
				94D4F54B1CEAC7D400CCFB27 /* Resources */,
			);
			buildRules = (
			);
			dependencies = (
			);
			name = SlideshowApp;
			productName = SlideshowApp;
			productReference = 94D4F54D1CEAC7D400CCFB27 /* SlideshowApp.app */;
			productType = "com.apple.product-type.application";
		};
/* End PBXNativeTarget section */

/* Begin PBXProject section */
		94D4F5451CEAC7D400CCFB27 /* Project object */ = {
			isa = PBXProject;
			attributes = {
				LastSwiftUpdateCheck = 0710;
				LastUpgradeCheck = 0710;
				ORGANIZATIONNAME = "Akihiro Watanabe";
				TargetAttributes = {
					94D4F54C1CEAC7D400CCFB27 = {
						CreatedOnToolsVersion = 7.1.1;
						DevelopmentTeam = 4SJ2D5ALMS;
					};
				};
			};
			buildConfigurationList = 94D4F5481CEAC7D400CCFB27 /* Build configuration list for PBXProject "SlideshowApp" */;
			compatibilityVersion = "Xcode 3.2";
			developmentRegion = English;
			hasScannedForEncodings = 0;
			knownRegions = (
				en,
				Base,
			);
			mainGroup = 94D4F5441CEAC7D400CCFB27;
			productRefGroup = 94D4F54E1CEAC7D400CCFB27 /* Products */;
			projectDirPath = "";
			projectRoot = "";
			targets = (
				94D4F54C1CEAC7D400CCFB27 /* SlideshowApp */,
			);
		};
/* End PBXProject section */

/* Begin PBXResourcesBuildPhase section */
		94D4F54B1CEAC7D400CCFB27 /* Resources */ = {
			isa = PBXResourcesBuildPhase;
			buildActionMask = 2147483647;
			files = (
				94D4F55B1CEAC7D400CCFB27 /* LaunchScreen.storyboard in Resources */,
				94D4F5581CEAC7D400CCFB27 /* Assets.xcassets in Resources */,
				94D4F5561CEAC7D400CCFB27 /* Main.storyboard in Resources */,
			);
			runOnlyForDeploymentPostprocessing = 0;
		};
/* End PBXResourcesBuildPhase section */

/* Begin PBXSourcesBuildPhase section */
		94D4F5491CEAC7D400CCFB27 /* Sources */ = {
			isa = PBXSourcesBuildPhase;
			buildActionMask = 2147483647;
			files = (
				94D4F5531CEAC7D400CCFB27 /* ViewController.swift in Sources */,
				94D4F5511CEAC7D400CCFB27 /* AppDelegate.swift in Sources */,
			);
			runOnlyForDeploymentPostprocessing = 0;
		};
/* End PBXSourcesBuildPhase section */

/* Begin PBXVariantGroup section */
		94D4F5541CEAC7D400CCFB27 /* Main.storyboard */ = {
			isa = PBXVariantGroup;
			children = (
				94D4F5551CEAC7D400CCFB27 /* Base */,
			);
			name = Main.storyboard;
			sourceTree = "<group>";
		};
		94D4F5591CEAC7D400CCFB27 /* LaunchScreen.storyboard */ = {
			isa = PBXVariantGroup;
			children = (
				94D4F55A1CEAC7D400CCFB27 /* Base */,
			);
			name = LaunchScreen.storyboard;
			sourceTree = "<group>";
		};
/* End PBXVariantGroup section */

/* Begin XCBuildConfiguration section */
		94D4F55D1CEAC7D400CCFB27 /* Debug */ = {
			isa = XCBuildConfiguration;
			buildSettings = {
				ALWAYS_SEARCH_USER_PATHS = NO;
				CLANG_CXX_LANGUAGE_STANDARD = "gnu++0x";
				CLANG_CXX_LIBRARY = "libc++";
				CLANG_ENABLE_MODULES = YES;
				CLANG_ENABLE_OBJC_ARC = YES;
				CLANG_WARN_BOOL_CONVERSION = YES;
				CLANG_WARN_CONSTANT_CONVERSION = YES;
				CLANG_WARN_DIRECT_OBJC_ISA_USAGE = YES_ERROR;
				CLANG_WARN_EMPTY_BODY = YES;
				CLANG_WARN_ENUM_CONVERSION = YES;
				CLANG_WARN_INT_CONVERSION = YES;
				CLANG_WARN_OBJC_ROOT_CLASS = YES_ERROR;
				CLANG_WARN_UNREACHABLE_CODE = YES;
				CLANG_WARN__DUPLICATE_METHOD_MATCH = YES;
				"CODE_SIGN_IDENTITY[sdk=iphoneos*]" = "iPhone Developer";
				COPY_PHASE_STRIP = NO;
				DEBUG_INFORMATION_FORMAT = dwarf;
				ENABLE_STRICT_OBJC_MSGSEND = YES;
				ENABLE_TESTABILITY = YES;
				GCC_C_LANGUAGE_STANDARD = gnu99;
				GCC_DYNAMIC_NO_PIC = NO;
				GCC_NO_COMMON_BLOCKS = YES;
				GCC_OPTIMIZATION_LEVEL = 0;
				GCC_PREPROCESSOR_DEFINITIONS = (
					"DEBUG=1",
					"$(inherited)",
				);
				GCC_WARN_64_TO_32_BIT_CONVERSION = YES;
				GCC_WARN_ABOUT_RETURN_TYPE = YES_ERROR;
				GCC_WARN_UNDECLARED_SELECTOR = YES;
				GCC_WARN_UNINITIALIZED_AUTOS = YES_AGGRESSIVE;
				GCC_WARN_UNUSED_FUNCTION = YES;
				GCC_WARN_UNUSED_VARIABLE = YES;
				IPHONEOS_DEPLOYMENT_TARGET = 9.1;
				MTL_ENABLE_DEBUG_INFO = YES;
				ONLY_ACTIVE_ARCH = YES;
				SDKROOT = iphoneos;
				SWIFT_OPTIMIZATION_LEVEL = "-Onone";
			};
			name = Debug;
		};
		94D4F55E1CEAC7D400CCFB27 /* Release */ = {
			isa = XCBuildConfiguration;
			buildSettings = {
				ALWAYS_SEARCH_USER_PATHS = NO;
				CLANG_CXX_LANGUAGE_STANDARD = "gnu++0x";
				CLANG_CXX_LIBRARY = "libc++";
				CLANG_ENABLE_MODULES = YES;
				CLANG_ENABLE_OBJC_ARC = YES;
				CLANG_WARN_BOOL_CONVERSION = YES;
				CLANG_WARN_CONSTANT_CONVERSION = YES;
				CLANG_WARN_DIRECT_OBJC_ISA_USAGE = YES_ERROR;
				CLANG_WARN_EMPTY_BODY = YES;
				CLANG_WARN_ENUM_CONVERSION = YES;
				CLANG_WARN_INT_CONVERSION = YES;
				CLANG_WARN_OBJC_ROOT_CLASS = YES_ERROR;
				CLANG_WARN_UNREACHABLE_CODE = YES;
				CLANG_WARN__DUPLICATE_METHOD_MATCH = YES;
				"CODE_SIGN_IDENTITY[sdk=iphoneos*]" = "iPhone Developer";
				COPY_PHASE_STRIP = NO;
				DEBUG_INFORMATION_FORMAT = "dwarf-with-dsym";
				ENABLE_NS_ASSERTIONS = NO;
				ENABLE_STRICT_OBJC_MSGSEND = YES;
				GCC_C_LANGUAGE_STANDARD = gnu99;
				GCC_NO_COMMON_BLOCKS = YES;
				GCC_WARN_64_TO_32_BIT_CONVERSION = YES;
				GCC_WARN_ABOUT_RETURN_TYPE = YES_ERROR;
				GCC_WARN_UNDECLARED_SELECTOR = YES;
				GCC_WARN_UNINITIALIZED_AUTOS = YES_AGGRESSIVE;
				GCC_WARN_UNUSED_FUNCTION = YES;
				GCC_WARN_UNUSED_VARIABLE = YES;
				IPHONEOS_DEPLOYMENT_TARGET = 9.1;
				MTL_ENABLE_DEBUG_INFO = NO;
				SDKROOT = iphoneos;
				VALIDATE_PRODUCT = YES;
			};
			name = Release;
		};
		94D4F5601CEAC7D400CCFB27 /* Debug */ = {
			isa = XCBuildConfiguration;
			buildSettings = {
				ASSETCATALOG_COMPILER_APPICON_NAME = AppIcon;
				INFOPLIST_FILE = SlideshowApp/Info.plist;
				LD_RUNPATH_SEARCH_PATHS = "$(inherited) @executable_path/Frameworks";
				PRODUCT_BUNDLE_IDENTIFIER = com.Watanabe.SlideshowApp;
				PRODUCT_NAME = "$(TARGET_NAME)";
			};
			name = Debug;
		};
		94D4F5611CEAC7D400CCFB27 /* Release */ = {
			isa = XCBuildConfiguration;
			buildSettings = {
				ASSETCATALOG_COMPILER_APPICON_NAME = AppIcon;
				INFOPLIST_FILE = SlideshowApp/Info.plist;
				LD_RUNPATH_SEARCH_PATHS = "$(inherited) @executable_path/Frameworks";
				PRODUCT_BUNDLE_IDENTIFIER = com.Watanabe.SlideshowApp;
				PRODUCT_NAME = "$(TARGET_NAME)";
			};
			name = Release;
		};
/* End XCBuildConfiguration section */

/* Begin XCConfigurationList section */
		94D4F5481CEAC7D400CCFB27 /* Build configuration list for PBXProject "SlideshowApp" */ = {
			isa = XCConfigurationList;
			buildConfigurations = (
				94D4F55D1CEAC7D400CCFB27 /* Debug */,
				94D4F55E1CEAC7D400CCFB27 /* Release */,
			);
			defaultConfigurationIsVisible = 0;
			defaultConfigurationName = Release;
		};
		94D4F55F1CEAC7D400CCFB27 /* Build configuration list for PBXNativeTarget "SlideshowApp" */ = {
			isa = XCConfigurationList;
			buildConfigurations = (
				94D4F5601CEAC7D400CCFB27 /* Debug */,
				94D4F5611CEAC7D400CCFB27 /* Release */,
			);
			defaultConfigurationIsVisible = 0;
		};
/* End XCConfigurationList section */
	};
	rootObject = 94D4F5451CEAC7D400CCFB27 /* Project object */;
}
